
Microsoft Visual Studio Solution File, Format Version 12.00
# Visual Studio Version 17
VisualStudioVersion = 17.7.34024.191
MinimumVisualStudioVersion = 10.0.40219.1
Project("{FAE04EC0-301F-11D3-BF4B-00C04F79EFBC}") = "ConsoleApp9", "ConsoleApp9\ConsoleApp9.csproj", "{8DC3002C-2FC9-4795-B24F-2C02DE8A9FA5}"
EndProject
Global
	GlobalSection(SolutionConfigurationPlatforms) = preSolution
		Debug|Any CPU = Debug|Any CPU
		Release|Any CPU = Release|Any CPU
	EndGlobalSection
	GlobalSection(ProjectConfigurationPlatforms) = postSolution
		{8DC3002C-2FC9-4795-B24F-2C02DE8A9FA5}.Debug|Any CPU.ActiveCfg = Debug|Any CPU
		{8DC3002C-2FC9-4795-B24F-2C02DE8A9FA5}.Debug|Any CPU.Build.0 = Debug|Any CPU
		{8DC3002C-2FC9-4795-B24F-2C02DE8A9FA5}.Release|Any CPU.ActiveCfg = Release|Any CPU
		{8DC3002C-2FC9-4795-B24F-2C02DE8A9FA5}.Release|Any CPU.Build.0 = Release|Any CPU
	EndGlobalSection
	GlobalSection(SolutionProperties) = preSolution
		HideSolutionNode = FALSE
	EndGlobalSection
	GlobalSection(ExtensibilityGlobals) = postSolution
		SolutionGuid = {B3519104-5E78-4205-8125-0A5BAB055DC5}
	EndGlobalSection
EndGlobal
